Microsoft Visual Studio Solution File, Format Version 12.00
# Visual Studio Version 16
VisualStudioVersion = 16.0.30406.217
MinimumVisualStudioVersion = 10.0.40219.1
Project("{FAE04EC0-301F-11D3-BF4B-00C04F79EFBC}") = "Tais_Godot", "Tais_Godot.csproj", "{46E4D32E-ABAD-4652-BD32-A808B3B14878}"
EndProject
Project("{FAE04EC0-301F-11D3-BF4B-00C04F79EFBC}") = "Parser", "..\Parser\Parser.csproj", "{6889D115-E394-4412-A83C-26900889634E}"
EndProject
Project("{FAE04EC0-301F-11D3-BF4B-00C04F79EFBC}") = "NUnitTest", "..\NUnitTest\NUnitTest.csproj", "{B27D30B1-B521-450C-8C2E-5AEE495CF5F0}"
EndProject
Project("{FAE04EC0-301F-11D3-BF4B-00C04F79EFBC}") = "GMData", "..\GMData\GMData.csproj", "{DD5D111B-8B36-46B6-A33F-B2928FA885CC}"
EndProject
Global
	GlobalSection(SolutionConfigurationPlatforms) = preSolution
		Debug|Any CPU = Debug|Any CPU
		ExportDebug|Any CPU = ExportDebug|Any CPU
		ExportRelease|Any CPU = ExportRelease|Any CPU
		Release|Any CPU = Release|Any CPU
	EndGlobalSection
	GlobalSection(ProjectConfigurationPlatforms) = postSolution
		{46E4D32E-ABAD-4652-BD32-A808B3B14878}.Debug|Any CPU.ActiveCfg = Debug|Any CPU
		{46E4D32E-ABAD-4652-BD32-A808B3B14878}.Debug|Any CPU.Build.0 = Debug|Any CPU
		{46E4D32E-ABAD-4652-BD32-A808B3B14878}.ExportDebug|Any CPU.ActiveCfg = ExportDebug|Any CPU
		{46E4D32E-ABAD-4652-BD32-A808B3B14878}.ExportDebug|Any CPU.Build.0 = ExportDebug|Any CPU
		{46E4D32E-ABAD-4652-BD32-A808B3B14878}.ExportRelease|Any CPU.ActiveCfg = ExportRelease|Any CPU
		{46E4D32E-ABAD-4652-BD32-A808B3B14878}.ExportRelease|Any CPU.Build.0 = ExportRelease|Any CPU
		{46E4D32E-ABAD-4652-BD32-A808B3B14878}.Release|Any CPU.ActiveCfg = ExportRelease|Any CPU
		{46E4D32E-ABAD-4652-BD32-A808B3B14878}.Release|Any CPU.Build.0 = ExportRelease|Any CPU
		{6889D115-E394-4412-A83C-26900889634E}.Debug|Any CPU.ActiveCfg = Debug|Any CPU
		{6889D115-E394-4412-A83C-26900889634E}.Debug|Any CPU.Build.0 = Debug|Any CPU
		{6889D115-E394-4412-A83C-26900889634E}.ExportDebug|Any CPU.ActiveCfg = Debug|Any CPU
		{6889D115-E394-4412-A83C-26900889634E}.ExportDebug|Any CPU.Build.0 = Debug|Any CPU
		{6889D115-E394-4412-A83C-26900889634E}.ExportRelease|Any CPU.ActiveCfg = Release|Any CPU
		{6889D115-E394-4412-A83C-26900889634E}.ExportRelease|Any CPU.Build.0 = Release|Any CPU
		{6889D115-E394-4412-A83C-26900889634E}.Release|Any CPU.ActiveCfg = Release|Any CPU
		{6889D115-E394-4412-A83C-26900889634E}.Release|Any CPU.Build.0 = Release|Any CPU
		{B27D30B1-B521-450C-8C2E-5AEE495CF5F0}.Debug|Any CPU.ActiveCfg = Debug|Any CPU
		{B27D30B1-B521-450C-8C2E-5AEE495CF5F0}.Debug|Any CPU.Build.0 = Debug|Any CPU
		{B27D30B1-B521-450C-8C2E-5AEE495CF5F0}.ExportDebug|Any CPU.ActiveCfg = Debug|Any CPU
		{B27D30B1-B521-450C-8C2E-5AEE495CF5F0}.ExportDebug|Any CPU.Build.0 = Debug|Any CPU
		{B27D30B1-B521-450C-8C2E-5AEE495CF5F0}.ExportRelease|Any CPU.ActiveCfg = Release|Any CPU
		{B27D30B1-B521-450C-8C2E-5AEE495CF5F0}.ExportRelease|Any CPU.Build.0 = Release|Any CPU
		{B27D30B1-B521-450C-8C2E-5AEE495CF5F0}.Release|Any CPU.ActiveCfg = Release|Any CPU
		{B27D30B1-B521-450C-8C2E-5AEE495CF5F0}.Release|Any CPU.Build.0 = Release|Any CPU
		{DD5D111B-8B36-46B6-A33F-B2928FA885CC}.Debug|Any CPU.ActiveCfg = Debug|Any CPU
		{DD5D111B-8B36-46B6-A33F-B2928FA885CC}.Debug|Any CPU.Build.0 = Debug|Any CPU
		{DD5D111B-8B36-46B6-A33F-B2928FA885CC}.ExportDebug|Any CPU.ActiveCfg = Debug|Any CPU
		{DD5D111B-8B36-46B6-A33F-B2928FA885CC}.ExportDebug|Any CPU.Build.0 = Debug|Any CPU
		{DD5D111B-8B36-46B6-A33F-B2928FA885CC}.ExportRelease|Any CPU.ActiveCfg = Release|Any CPU
		{DD5D111B-8B36-46B6-A33F-B2928FA885CC}.ExportRelease|Any CPU.Build.0 = Release|Any CPU
		{DD5D111B-8B36-46B6-A33F-B2928FA885CC}.Release|Any CPU.ActiveCfg = Release|Any CPU
		{DD5D111B-8B36-46B6-A33F-B2928FA885CC}.Release|Any CPU.Build.0 = Release|Any CPU
	EndGlobalSection
	GlobalSection(SolutionProperties) = preSolution
		HideSolutionNode = FALSE
	EndGlobalSection
	GlobalSection(ExtensibilityGlobals) = postSolution
		SolutionGuid = {3443CEB1-ED02-4E4E-9F1D-9CEAE6D286F2}
	EndGlobalSection
EndGlobal
